
Microsoft Visual Studio Solution File, Format Version 12.00
# Visual Studio 14
VisualStudioVersion = 14.0.25420.1
MinimumVisualStudioVersion = 10.0.40219.1
Project("{2150E333-8FDC-42A3-9474-1A3956D46DE8}") = "BizLayer", "BizLayer", "{C9D2A875-259E-4263-91D8-CB74FB5EE6C5}"
EndProject
Project("{2150E333-8FDC-42A3-9474-1A3956D46DE8}") = "DataLayer", "DataLayer", "{3B38CE47-FDC3-4559-82A3-1467C3FE0393}"
EndProject
Project("{2150E333-8FDC-42A3-9474-1A3956D46DE8}") = "UI", "UI", "{8B21E16E-E86B-4F6A-A274-6FF7BCD604CD}"
EndProject
Project("{FAE04EC0-301F-11D3-BF4B-00C04F79EFBC}") = "BLL", "BLL\BLL.csproj", "{6BAB3371-3468-4631-8B71-4CEF243F926E}"
EndProject
Project("{2150E333-8FDC-42A3-9474-1A3956D46DE8}") = "ORM", "ORM", "{7418B8B4-0F8F-4A79-AC7F-D58D470BA731}"
EndProject
Project("{FAE04EC0-301F-11D3-BF4B-00C04F79EFBC}") = "DAL", "DAL\DAL.csproj", "{A3EE7162-92D2-4402-B502-C65A5C801589}"
EndProject
Project("{FAE04EC0-301F-11D3-BF4B-00C04F79EFBC}") = "IDAL", "IDAL\IDAL.csproj", "{6F4192DE-BD68-4580-84F7-86C0086F65DB}"
EndProject
Project("{FAE04EC0-301F-11D3-BF4B-00C04F79EFBC}") = "DBUtility", "DBUtility\DBUtility.csproj", "{D38848F6-68BE-428D-9989-CAB826A4C578}"
EndProject
Project("{FAE04EC0-301F-11D3-BF4B-00C04F79EFBC}") = "Models", "Models\Models.csproj", "{BEECA3A3-CC72-405D-84B1-A646A1222619}"
EndProject
Project("{FAE04EC0-301F-11D3-BF4B-00C04F79EFBC}") = "Common", "Common\Common.csproj", "{F481ED17-5984-42D4-9493-A26A53C5D35D}"
EndProject
Project("{FAE04EC0-301F-11D3-BF4B-00C04F79EFBC}") = "ORM", "ORM\ORM.csproj", "{C769D8CE-0D4D-4048-9361-B96BC50AA301}"
EndProject
Project("{FAE04EC0-301F-11D3-BF4B-00C04F79EFBC}") = "ORMAttributes", "ORMAttributes\ORMAttributes.csproj", "{EC6CFFBE-E483-4DFA-9D7D-FC600C8A3AAB}"
EndProject
Project("{FAE04EC0-301F-11D3-BF4B-00C04F79EFBC}") = "IBLL", "IBLL\IBLL.csproj", "{9E3F5E46-F368-4807-B3F8-1697BC30E4D2}"
EndProject
Project("{FAE04EC0-301F-11D3-BF4B-00C04F79EFBC}") = "Test", "Test\Test.csproj", "{2A11E4B3-3D57-499E-9135-C5EE6AEC2C35}"
	ProjectSection(ProjectDependencies) = postProject
		{F01FBBB6-1FFD-42AB-889C-6C5FF8BF86CE} = {F01FBBB6-1FFD-42AB-889C-6C5FF8BF86CE}
	EndProjectSection
EndProject
Project("{2150E333-8FDC-42A3-9474-1A3956D46DE8}") = "Common", "Common", "{4555C28D-B9C1-45E7-83D1-100ED4F04FB9}"
EndProject
Project("{FAE04EC0-301F-11D3-BF4B-00C04F79EFBC}") = "RFIDUI", "RFIDUI\RFIDUI.csproj", "{12ACAB16-5419-4645-B5F7-A1C6CC2BD9BE}"
EndProject
Project("{FAE04EC0-301F-11D3-BF4B-00C04F79EFBC}") = "RESTService", "RESTService\RESTService.csproj", "{F01FBBB6-1FFD-42AB-889C-6C5FF8BF86CE}"
EndProject
Project("{FAE04EC0-301F-11D3-BF4B-00C04F79EFBC}") = "Model", "Model\Model.csproj", "{9D0EC0C5-59AC-405F-8E18-7DCC28C80EE9}"
EndProject
Global
	GlobalSection(SolutionConfigurationPlatforms) = preSolution
		Debug|Any CPU = Debug|Any CPU
		Release|Any CPU = Release|Any CPU
	EndGlobalSection
	GlobalSection(ProjectConfigurationPlatforms) = postSolution
		{6BAB3371-3468-4631-8B71-4CEF243F926E}.Debug|Any CPU.ActiveCfg = Debug|Any CPU
		{6BAB3371-3468-4631-8B71-4CEF243F926E}.Debug|Any CPU.Build.0 = Debug|Any CPU
		{6BAB3371-3468-4631-8B71-4CEF243F926E}.Release|Any CPU.ActiveCfg = Release|Any CPU
		{6BAB3371-3468-4631-8B71-4CEF243F926E}.Release|Any CPU.Build.0 = Release|Any CPU
		{A3EE7162-92D2-4402-B502-C65A5C801589}.Debug|Any CPU.ActiveCfg = Debug|Any CPU
		{A3EE7162-92D2-4402-B502-C65A5C801589}.Debug|Any CPU.Build.0 = Debug|Any CPU
		{A3EE7162-92D2-4402-B502-C65A5C801589}.Release|Any CPU.ActiveCfg = Release|Any CPU
		{A3EE7162-92D2-4402-B502-C65A5C801589}.Release|Any CPU.Build.0 = Release|Any CPU
		{6F4192DE-BD68-4580-84F7-86C0086F65DB}.Debug|Any CPU.ActiveCfg = Debug|Any CPU
		{6F4192DE-BD68-4580-84F7-86C0086F65DB}.Debug|Any CPU.Build.0 = Debug|Any CPU
		{6F4192DE-BD68-4580-84F7-86C0086F65DB}.Release|Any CPU.ActiveCfg = Release|Any CPU
		{6F4192DE-BD68-4580-84F7-86C0086F65DB}.Release|Any CPU.Build.0 = Release|Any CPU
		{D38848F6-68BE-428D-9989-CAB826A4C578}.Debug|Any CPU.ActiveCfg = Debug|Any CPU
		{D38848F6-68BE-428D-9989-CAB826A4C578}.Debug|Any CPU.Build.0 = Debug|Any CPU
		{D38848F6-68BE-428D-9989-CAB826A4C578}.Release|Any CPU.ActiveCfg = Release|Any CPU
		{D38848F6-68BE-428D-9989-CAB826A4C578}.Release|Any CPU.Build.0 = Release|Any CPU
		{BEECA3A3-CC72-405D-84B1-A646A1222619}.Debug|Any CPU.ActiveCfg = Debug|Any CPU
		{BEECA3A3-CC72-405D-84B1-A646A1222619}.Debug|Any CPU.Build.0 = Debug|Any CPU
		{BEECA3A3-CC72-405D-84B1-A646A1222619}.Release|Any CPU.ActiveCfg = Release|Any CPU
		{BEECA3A3-CC72-405D-84B1-A646A1222619}.Release|Any CPU.Build.0 = Release|Any CPU
		{F481ED17-5984-42D4-9493-A26A53C5D35D}.Debug|Any CPU.ActiveCfg = Debug|Any CPU
		{F481ED17-5984-42D4-9493-A26A53C5D35D}.Debug|Any CPU.Build.0 = Debug|Any CPU
		{F481ED17-5984-42D4-9493-A26A53C5D35D}.Release|Any CPU.ActiveCfg = Release|Any CPU
		{F481ED17-5984-42D4-9493-A26A53C5D35D}.Release|Any CPU.Build.0 = Release|Any CPU
		{C769D8CE-0D4D-4048-9361-B96BC50AA301}.Debug|Any CPU.ActiveCfg = Debug|Any CPU
		{C769D8CE-0D4D-4048-9361-B96BC50AA301}.Debug|Any CPU.Build.0 = Debug|Any CPU
		{C769D8CE-0D4D-4048-9361-B96BC50AA301}.Release|Any CPU.ActiveCfg = Release|Any CPU
		{C769D8CE-0D4D-4048-9361-B96BC50AA301}.Release|Any CPU.Build.0 = Release|Any CPU
		{EC6CFFBE-E483-4DFA-9D7D-FC600C8A3AAB}.Debug|Any CPU.ActiveCfg = Debug|Any CPU
		{EC6CFFBE-E483-4DFA-9D7D-FC600C8A3AAB}.Debug|Any CPU.Build.0 = Debug|Any CPU
		{EC6CFFBE-E483-4DFA-9D7D-FC600C8A3AAB}.Release|Any CPU.ActiveCfg = Release|Any CPU
		{EC6CFFBE-E483-4DFA-9D7D-FC600C8A3AAB}.Release|Any CPU.Build.0 = Release|Any CPU
		{9E3F5E46-F368-4807-B3F8-1697BC30E4D2}.Debug|Any CPU.ActiveCfg = Debug|Any CPU
		{9E3F5E46-F368-4807-B3F8-1697BC30E4D2}.Debug|Any CPU.Build.0 = Debug|Any CPU
		{9E3F5E46-F368-4807-B3F8-1697BC30E4D2}.Release|Any CPU.ActiveCfg = Release|Any CPU
		{9E3F5E46-F368-4807-B3F8-1697BC30E4D2}.Release|Any CPU.Build.0 = Release|Any CPU
		{2A11E4B3-3D57-499E-9135-C5EE6AEC2C35}.Debug|Any CPU.ActiveCfg = Debug|Any CPU
		{2A11E4B3-3D57-499E-9135-C5EE6AEC2C35}.Debug|Any CPU.Build.0 = Debug|Any CPU
		{2A11E4B3-3D57-499E-9135-C5EE6AEC2C35}.Release|Any CPU.ActiveCfg = Release|Any CPU
		{2A11E4B3-3D57-499E-9135-C5EE6AEC2C35}.Release|Any CPU.Build.0 = Release|Any CPU
		{12ACAB16-5419-4645-B5F7-A1C6CC2BD9BE}.Debug|Any CPU.ActiveCfg = Debug|Any CPU
		{12ACAB16-5419-4645-B5F7-A1C6CC2BD9BE}.Debug|Any CPU.Build.0 = Debug|Any CPU
		{12ACAB16-5419-4645-B5F7-A1C6CC2BD9BE}.Release|Any CPU.ActiveCfg = Release|Any CPU
		{12ACAB16-5419-4645-B5F7-A1C6CC2BD9BE}.Release|Any CPU.Build.0 = Release|Any CPU
		{F01FBBB6-1FFD-42AB-889C-6C5FF8BF86CE}.Debug|Any CPU.ActiveCfg = Debug|Any CPU
		{F01FBBB6-1FFD-42AB-889C-6C5FF8BF86CE}.Debug|Any CPU.Build.0 = Debug|Any CPU
		{F01FBBB6-1FFD-42AB-889C-6C5FF8BF86CE}.Release|Any CPU.ActiveCfg = Release|Any CPU
		{F01FBBB6-1FFD-42AB-889C-6C5FF8BF86CE}.Release|Any CPU.Build.0 = Release|Any CPU
		{9D0EC0C5-59AC-405F-8E18-7DCC28C80EE9}.Debug|Any CPU.ActiveCfg = Debug|Any CPU
		{9D0EC0C5-59AC-405F-8E18-7DCC28C80EE9}.Debug|Any CPU.Build.0 = Debug|Any CPU
		{9D0EC0C5-59AC-405F-8E18-7DCC28C80EE9}.Release|Any CPU.ActiveCfg = Release|Any CPU
		{9D0EC0C5-59AC-405F-8E18-7DCC28C80EE9}.Release|Any CPU.Build.0 = Release|Any CPU
	EndGlobalSection
	GlobalSection(SolutionProperties) = preSolution
		HideSolutionNode = FALSE
	EndGlobalSection
	GlobalSection(NestedProjects) = preSolution
		{6BAB3371-3468-4631-8B71-4CEF243F926E} = {C9D2A875-259E-4263-91D8-CB74FB5EE6C5}
		{7418B8B4-0F8F-4A79-AC7F-D58D470BA731} = {3B38CE47-FDC3-4559-82A3-1467C3FE0393}
		{A3EE7162-92D2-4402-B502-C65A5C801589} = {3B38CE47-FDC3-4559-82A3-1467C3FE0393}
		{6F4192DE-BD68-4580-84F7-86C0086F65DB} = {3B38CE47-FDC3-4559-82A3-1467C3FE0393}
		{D38848F6-68BE-428D-9989-CAB826A4C578} = {3B38CE47-FDC3-4559-82A3-1467C3FE0393}
		{BEECA3A3-CC72-405D-84B1-A646A1222619} = {4555C28D-B9C1-45E7-83D1-100ED4F04FB9}
		{F481ED17-5984-42D4-9493-A26A53C5D35D} = {4555C28D-B9C1-45E7-83D1-100ED4F04FB9}
		{C769D8CE-0D4D-4048-9361-B96BC50AA301} = {7418B8B4-0F8F-4A79-AC7F-D58D470BA731}
		{EC6CFFBE-E483-4DFA-9D7D-FC600C8A3AAB} = {7418B8B4-0F8F-4A79-AC7F-D58D470BA731}
		{9E3F5E46-F368-4807-B3F8-1697BC30E4D2} = {C9D2A875-259E-4263-91D8-CB74FB5EE6C5}
		{2A11E4B3-3D57-499E-9135-C5EE6AEC2C35} = {8B21E16E-E86B-4F6A-A274-6FF7BCD604CD}
		{12ACAB16-5419-4645-B5F7-A1C6CC2BD9BE} = {8B21E16E-E86B-4F6A-A274-6FF7BCD604CD}
		{F01FBBB6-1FFD-42AB-889C-6C5FF8BF86CE} = {8B21E16E-E86B-4F6A-A274-6FF7BCD604CD}
		{9D0EC0C5-59AC-405F-8E18-7DCC28C80EE9} = {8B21E16E-E86B-4F6A-A274-6FF7BCD604CD}
	EndGlobalSection
EndGlobal
